// !$*UTF8*$!
{
	archiveVersion = 1;
	classes = {
	};
	objectVersion = 50;
	objects = {

/* Begin PBXBuildFile section */
		84DBA1FE20C688CB00973D57 /* AppDelegate.swift in Sources */ = {isa = PBXBuildFile; fileRef = 84DBA1FD20C688CB00973D57 /* AppDelegate.swift */; };
		84DBA20020C688CB00973D57 /* ViewController.swift in Sources */ = {isa = PBXBuildFile; fileRef = 84DBA1FF20C688CB00973D57 /* ViewController.swift */; };
		84DBA20320C688CB00973D57 /* Main.storyboard in Resources */ = {isa = PBXBuildFile; fileRef = 84DBA20120C688CB00973D57 /* Main.storyboard */; };
		84DBA20520C688E900973D57 /* Assets.xcassets in Resources */ = {isa = PBXBuildFile; fileRef = 84DBA20420C688E900973D57 /* Assets.xcassets */; };
		84DBA20820C688E900973D57 /* LaunchScreen.storyboard in Resources */ = {isa = PBXBuildFile; fileRef = 84DBA20620C688E900973D57 /* LaunchScreen.storyboard */; };
		84DBA21320C688EB00973D57 /* AnimateObjectTests.swift in Sources */ = {isa = PBXBuildFile; fileRef = 84DBA21220C688EB00973D57 /* AnimateObjectTests.swift */; };
		84DBA21E20C688EB00973D57 /* AnimateObjectUITests.swift in Sources */ = {isa = PBXBuildFile; fileRef = 84DBA21D20C688EB00973D57 /* AnimateObjectUITests.swift */; };
		84DBA22E20C6AD8800973D57 /* apple.jpg in Resources */ = {isa = PBXBuildFile; fileRef = 84DBA22D20C6AD8800973D57 /* apple.jpg */; };
/* End PBXBuildFile section */

/* Begin PBXContainerItemProxy section */
		84DBA20F20C688EB00973D57 /* PBXContainerItemProxy */ = {
			isa = PBXContainerItemProxy;
			containerPortal = 84DBA1F220C688CA00973D57 /* Project object */;
			proxyType = 1;
			remoteGlobalIDString = 84DBA1F920C688CB00973D57;
			remoteInfo = AnimateObject;
		};
		84DBA21A20C688EB00973D57 /* PBXContainerItemProxy */ = {
			isa = PBXContainerItemProxy;
			containerPortal = 84DBA1F220C688CA00973D57 /* Project object */;
			proxyType = 1;
			remoteGlobalIDString = 84DBA1F920C688CB00973D57;
			remoteInfo = AnimateObject;
		};
/* End PBXContainerItemProxy section */

/* Begin PBXFileReference section */
		84DBA1FA20C688CB00973D57 /* AnimateObject.app */ = {isa = PBXFileReference; explicitFileType = wrapper.application; includeInIndex = 0; path = AnimateObject.app; sourceTree = BUILT_PRODUCTS_DIR; };
		84DBA1FD20C688CB00973D57 /* AppDelegate.swift */ = {isa = PBXFileReference; lastKnownFileType = sourcecode.swift; path = AppDelegate.swift; sourceTree = "<group>"; };
		84DBA1FF20C688CB00973D57 /* ViewController.swift */ = {isa = PBXFileReference; lastKnownFileType = sourcecode.swift; path = ViewController.swift; sourceTree = "<group>"; };
		84DBA20220C688CB00973D57 /* Base */ = {isa = PBXFileReference; lastKnownFileType = file.storyboard; name = Base; path = Base.lproj/Main.storyboard; sourceTree = "<group>"; };
		84DBA20420C688E900973D57 /* Assets.xcassets */ = {isa = PBXFileReference; lastKnownFileType = folder.assetcatalog; path = Assets.xcassets; sourceTree = "<group>"; };
		84DBA20720C688E900973D57 /* Base */ = {isa = PBXFileReference; lastKnownFileType = file.storyboard; name = Base; path = Base.lproj/LaunchScreen.storyboard; sourceTree = "<group>"; };
		84DBA20920C688E900973D57 /* Info.plist */ = {isa = PBXFileReference; lastKnownFileType = text.plist.xml; path = Info.plist; sourceTree = "<group>"; };
		84DBA20E20C688EB00973D57 /* AnimateObjectTests.xctest */ = {isa = PBXFileReference; explicitFileType = wrapper.cfbundle; includeInIndex = 0; path = AnimateObjectTests.xctest; sourceTree = BUILT_PRODUCTS_DIR; };
		84DBA21220C688EB00973D57 /* AnimateObjectTests.swift */ = {isa = PBXFileReference; lastKnownFileType = sourcecode.swift; path = AnimateObjectTests.swift; sourceTree = "<group>"; };
		84DBA21420C688EB00973D57 /* Info.plist */ = {isa = PBXFileReference; lastKnownFileType = text.plist.xml; path = Info.plist; sourceTree = "<group>"; };
		84DBA21920C688EB00973D57 /* AnimateObjectUITests.xctest */ = {isa = PBXFileReference; explicitFileType = wrapper.cfbundle; includeInIndex = 0; path = AnimateObjectUITests.xctest; sourceTree = BUILT_PRODUCTS_DIR; };
		84DBA21D20C688EB00973D57 /* AnimateObjectUITests.swift */ = {isa = PBXFileReference; lastKnownFileType = sourcecode.swift; path = AnimateObjectUITests.swift; sourceTree = "<group>"; };
		84DBA21F20C688EB00973D57 /* Info.plist */ = {isa = PBXFileReference; lastKnownFileType = text.plist.xml; path = Info.plist; sourceTree = "<group>"; };
		84DBA22D20C6AD8800973D57 /* apple.jpg */ = {isa = PBXFileReference; lastKnownFileType = image.jpeg; path = apple.jpg; sourceTree = "<group>"; };
/* End PBXFileReference section */

/* Begin PBXFrameworksBuildPhase section */
		84DBA1F720C688CB00973D57 /* Frameworks */ = {
			isa = PBXFrameworksBuildPhase;
			buildActionMask = 2147483647;
			files = (
			);
			runOnlyForDeploymentPostprocessing = 0;
		};
		84DBA20B20C688EA00973D57 /* Frameworks */ = {
			isa = PBXFrameworksBuildPhase;
			buildActionMask = 2147483647;
			files = (
			);
			runOnlyForDeploymentPostprocessing = 0;
		};
		84DBA21620C688EB00973D57 /* Frameworks */ = {
			isa = PBXFrameworksBuildPhase;
			buildActionMask = 2147483647;
			files = (
			);
			runOnlyForDeploymentPostprocessing = 0;
		};
/* End PBXFrameworksBuildPhase section */

/* Begin PBXGroup section */
		84DBA1F120C688C900973D57 = {
			isa = PBXGroup;
			children = (
				84DBA1FC20C688CB00973D57 /* AnimateObject */,
				84DBA21120C688EB00973D57 /* AnimateObjectTests */,
				84DBA21C20C688EB00973D57 /* AnimateObjectUITests */,
				84DBA1FB20C688CB00973D57 /* Products */,
			);
			sourceTree = "<group>";
		};
		84DBA1FB20C688CB00973D57 /* Products */ = {
			isa = PBXGroup;
			children = (
				84DBA1FA20C688CB00973D57 /* AnimateObject.app */,
				84DBA20E20C688EB00973D57 /* AnimateObjectTests.xctest */,
				84DBA21920C688EB00973D57 /* AnimateObjectUITests.xctest */,
			);
			name = Products;
			sourceTree = "<group>";
		};
		84DBA1FC20C688CB00973D57 /* AnimateObject */ = {
			isa = PBXGroup;
			children = (
				84DBA1FD20C688CB00973D57 /* AppDelegate.swift */,
				84DBA1FF20C688CB00973D57 /* ViewController.swift */,
				84DBA20120C688CB00973D57 /* Main.storyboard */,
				84DBA20420C688E900973D57 /* Assets.xcassets */,
				84DBA22D20C6AD8800973D57 /* apple.jpg */,
				84DBA20620C688E900973D57 /* LaunchScreen.storyboard */,
				84DBA20920C688E900973D57 /* Info.plist */,
			);
			path = AnimateObject;
			sourceTree = "<group>";
		};
		84DBA21120C688EB00973D57 /* AnimateObjectTests */ = {
			isa = PBXGroup;
			children = (
				84DBA21220C688EB00973D57 /* AnimateObjectTests.swift */,
				84DBA21420C688EB00973D57 /* Info.plist */,
			);
			path = AnimateObjectTests;
			sourceTree = "<group>";
		};
		84DBA21C20C688EB00973D57 /* AnimateObjectUITests */ = {
			isa = PBXGroup;
			children = (
				84DBA21D20C688EB00973D57 /* AnimateObjectUITests.swift */,
				84DBA21F20C688EB00973D57 /* Info.plist */,
			);
			path = AnimateObjectUITests;
			sourceTree = "<group>";
		};
/* End PBXGroup section */

/* Begin PBXNativeTarget section */
		84DBA1F920C688CB00973D57 /* AnimateObject */ = {
			isa = PBXNativeTarget;
			buildConfigurationList = 84DBA22220C688EB00973D57 /* Build configuration list for PBXNativeTarget "AnimateObject" */;
			buildPhases = (
				84DBA1F620C688CB00973D57 /* Sources */,
				84DBA1F720C688CB00973D57 /* Frameworks */,
				84DBA1F820C688CB00973D57 /* Resources */,
			);
			buildRules = (
			);
			dependencies = (
			);
			name = AnimateObject;
			productName = AnimateObject;
			productReference = 84DBA1FA20C688CB00973D57 /* AnimateObject.app */;
			productType = "com.apple.product-type.application";
		};
		84DBA20D20C688EA00973D57 /* AnimateObjectTests */ = {
			isa = PBXNativeTarget;
			buildConfigurationList = 84DBA22520C688EB00973D57 /* Build configuration list for PBXNativeTarget "AnimateObjectTests" */;
			buildPhases = (
				84DBA20A20C688EA00973D57 /* Sources */,
				84DBA20B20C688EA00973D57 /* Frameworks */,
				84DBA20C20C688EA00973D57 /* Resources */,
			);
			buildRules = (
			);
			dependencies = (
				84DBA21020C688EB00973D57 /* PBXTargetDependency */,
			);
			name = AnimateObjectTests;
			productName = AnimateObjectTests;
			productReference = 84DBA20E20C688EB00973D57 /* AnimateObjectTests.xctest */;
			productType = "com.apple.product-type.bundle.unit-test";
		};
		84DBA21820C688EB00973D57 /* AnimateObjectUITests */ = {
			isa = PBXNativeTarget;
			buildConfigurationList = 84DBA22820C688EB00973D57 /* Build configuration list for PBXNativeTarget "AnimateObjectUITests" */;
			buildPhases = (
				84DBA21520C688EB00973D57 /* Sources */,
				84DBA21620C688EB00973D57 /* Frameworks */,
				84DBA21720C688EB00973D57 /* Resources */,
			);
			buildRules = (
			);
			dependencies = (
				84DBA21B20C688EB00973D57 /* PBXTargetDependency */,
			);
			name = AnimateObjectUITests;
			productName = AnimateObjectUITests;
			productReference = 84DBA21920C688EB00973D57 /* AnimateObjectUITests.xctest */;
			productType = "com.apple.product-type.bundle.ui-testing";
		};
/* End PBXNativeTarget section */

/* Begin PBXProject section */
		84DBA1F220C688CA00973D57 /* Project object */ = {
			isa = PBXProject;
			attributes = {
				LastSwiftUpdateCheck = 0930;
				LastUpgradeCheck = 0930;
				ORGANIZATIONNAME = admin;
				TargetAttributes = {
					84DBA1F920C688CB00973D57 = {
						CreatedOnToolsVersion = 9.3;
					};
					84DBA20D20C688EA00973D57 = {
						CreatedOnToolsVersion = 9.3;
						TestTargetID = 84DBA1F920C688CB00973D57;
					};
					84DBA21820C688EB00973D57 = {
						CreatedOnToolsVersion = 9.3;
						TestTargetID = 84DBA1F920C688CB00973D57;
					};
				};
			};
			buildConfigurationList = 84DBA1F520C688CA00973D57 /* Build configuration list for PBXProject "AnimateObject" */;
			compatibilityVersion = "Xcode 9.3";
			developmentRegion = en;
			hasScannedForEncodings = 0;
			knownRegions = (
				en,
				Base,
			);
			mainGroup = 84DBA1F120C688C900973D57;
			productRefGroup = 84DBA1FB20C688CB00973D57 /* Products */;
			projectDirPath = "";
			projectRoot = "";
			targets = (
				84DBA1F920C688CB00973D57 /* AnimateObject */,
				84DBA20D20C688EA00973D57 /* AnimateObjectTests */,
				84DBA21820C688EB00973D57 /* AnimateObjectUITests */,
			);
		};
/* End PBXProject section */

/* Begin PBXResourcesBuildPhase section */
		84DBA1F820C688CB00973D57 /* Resources */ = {
			isa = PBXResourcesBuildPhase;
			buildActionMask = 2147483647;
			files = (
				84DBA20820C688E900973D57 /* LaunchScreen.storyboard in Resources */,
				84DBA20520C688E900973D57 /* Assets.xcassets in Resources */,
				84DBA22E20C6AD8800973D57 /* apple.jpg in Resources */,
				84DBA20320C688CB00973D57 /* Main.storyboard in Resources */,
			);
			runOnlyForDeploymentPostprocessing = 0;
		};
		84DBA20C20C688EA00973D57 /* Resources */ = {
			isa = PBXResourcesBuildPhase;
			buildActionMask = 2147483647;
			files = (
			);
			runOnlyForDeploymentPostprocessing = 0;
		};
		84DBA21720C688EB00973D57 /* Resources */ = {
			isa = PBXResourcesBuildPhase;
			buildActionMask = 2147483647;
			files = (
			);
			runOnlyForDeploymentPostprocessing = 0;
		};
/* End PBXResourcesBuildPhase section */

/* Begin PBXSourcesBuildPhase section */
		84DBA1F620C688CB00973D57 /* Sources */ = {
			isa = PBXSourcesBuildPhase;
			buildActionMask = 2147483647;
			files = (
				84DBA20020C688CB00973D57 /* ViewController.swift in Sources */,
				84DBA1FE20C688CB00973D57 /* AppDelegate.swift in Sources */,
			);
			runOnlyForDeploymentPostprocessing = 0;
		};
		84DBA20A20C688EA00973D57 /* Sources */ = {
			isa = PBXSourcesBuildPhase;
			buildActionMask = 2147483647;
			files = (
				84DBA21320C688EB00973D57 /* AnimateObjectTests.swift in Sources */,
			);
			runOnlyForDeploymentPostprocessing = 0;
		};
		84DBA21520C688EB00973D57 /* Sources */ = {
			isa = PBXSourcesBuildPhase;
			buildActionMask = 2147483647;
			files = (
				84DBA21E20C688EB00973D57 /* AnimateObjectUITests.swift in Sources */,
			);
			runOnlyForDeploymentPostprocessing = 0;
		};
/* End PBXSourcesBuildPhase section */

/* Begin PBXTargetDependency section */
		84DBA21020C688EB00973D57 /* PBXTargetDependency */ = {
			isa = PBXTargetDependency;
			target = 84DBA1F920C688CB00973D57 /* AnimateObject */;
			targetProxy = 84DBA20F20C688EB00973D57 /* PBXContainerItemProxy */;
		};
		84DBA21B20C688EB00973D57 /* PBXTargetDependency */ = {
			isa = PBXTargetDependency;
			target = 84DBA1F920C688CB00973D57 /* AnimateObject */;
			targetProxy = 84DBA21A20C688EB00973D57 /* PBXContainerItemProxy */;
		};
/* End PBXTargetDependency section */

/* Begin PBXVariantGroup section */
		84DBA20120C688CB00973D57 /* Main.storyboard */ = {
			isa = PBXVariantGroup;
			children = (
				84DBA20220C688CB00973D57 /* Base */,
			);
			name = Main.storyboard;
			sourceTree = "<group>";
		};
		84DBA20620C688E900973D57 /* LaunchScreen.storyboard */ = {
			isa = PBXVariantGroup;
			children = (
				84DBA20720C688E900973D57 /* Base */,
			);
			name = LaunchScreen.storyboard;
			sourceTree = "<group>";
		};
/* End PBXVariantGroup section */

/* Begin XCBuildConfiguration section */
		84DBA22020C688EB00973D57 /* Debug */ = {
			isa = XCBuildConfiguration;
			buildSettings = {
				ALWAYS_SEARCH_USER_PATHS = NO;
				CLANG_ANALYZER_NONNULL = YES;
				CLANG_ANALYZER_NUMBER_OBJECT_CONVERSION = YES_AGGRESSIVE;
				CLANG_CXX_LANGUAGE_STANDARD = "gnu++14";
				CLANG_CXX_LIBRARY = "libc++";
				CLANG_ENABLE_MODULES = YES;
				CLANG_ENABLE_OBJC_ARC = YES;
				CLANG_ENABLE_OBJC_WEAK = YES;
				CLANG_WARN_BLOCK_CAPTURE_AUTORELEASING = YES;
				CLANG_WARN_BOOL_CONVERSION = YES;
				CLANG_WARN_COMMA = YES;
				CLANG_WARN_CONSTANT_CONVERSION = YES;
				CLANG_WARN_DEPRECATED_OBJC_IMPLEMENTATIONS = YES;
				CLANG_WARN_DIRECT_OBJC_ISA_USAGE = YES_ERROR;
				CLANG_WARN_DOCUMENTATION_COMMENTS = YES;
				CLANG_WARN_EMPTY_BODY = YES;
				CLANG_WARN_ENUM_CONVERSION = YES;
				CLANG_WARN_INFINITE_RECURSION = YES;
				CLANG_WARN_INT_CONVERSION = YES;
				CLANG_WARN_NON_LITERAL_NULL_CONVERSION = YES;
				CLANG_WARN_OBJC_IMPLICIT_RETAIN_SELF = YES;
				CLANG_WARN_OBJC_LITERAL_CONVERSION = YES;
				CLANG_WARN_OBJC_ROOT_CLASS = YES_ERROR;
				CLANG_WARN_RANGE_LOOP_ANALYSIS = YES;
				CLANG_WARN_STRICT_PROTOTYPES = YES;
				CLANG_WARN_SUSPICIOUS_MOVE = YES;
				CLANG_WARN_UNGUARDED_AVAILABILITY = YES_AGGRESSIVE;
				CLANG_WARN_UNREACHABLE_CODE = YES;
				CLANG_WARN__DUPLICATE_METHOD_MATCH = YES;
				CODE_SIGN_IDENTITY = "iPhone Developer";
				COPY_PHASE_STRIP = NO;
				DEBUG_INFORMATION_FORMAT = dwarf;
				ENABLE_STRICT_OBJC_MSGSEND = YES;
				ENABLE_TESTABILITY = YES;
				GCC_C_LANGUAGE_STANDARD = gnu11;
				GCC_DYNAMIC_NO_PIC = NO;
				GCC_NO_COMMON_BLOCKS = YES;
				GCC_OPTIMIZATION_LEVEL = 0;
				GCC_PREPROCESSOR_DEFINITIONS = (
					"DEBUG=1",
					"$(inherited)",
				);
				GCC_WARN_64_TO_32_BIT_CONVERSION = YES;
				GCC_WARN_ABOUT_RETURN_TYPE = YES_ERROR;
				GCC_WARN_UNDECLARED_SELECTOR = YES;
				GCC_WARN_UNINITIALIZED_AUTOS = YES_AGGRESSIVE;
				GCC_WARN_UNUSED_FUNCTION = YES;
				GCC_WARN_UNUSED_VARIABLE = YES;
				IPHONEOS_DEPLOYMENT_TARGET = 11.3;
				MTL_ENABLE_DEBUG_INFO = YES;
				ONLY_ACTIVE_ARCH = YES;
				SDKROOT = iphoneos;
				SWIFT_ACTIVE_COMPILATION_CONDITIONS = DEBUG;
				SWIFT_OPTIMIZATION_LEVEL = "-Onone";
			};
			name = Debug;
		};
		84DBA22120C688EB00973D57 /* Release */ = {
			isa = XCBuildConfiguration;
			buildSettings = {
				ALWAYS_SEARCH_USER_PATHS = NO;
				CLANG_ANALYZER_NONNULL = YES;
				CLANG_ANALYZER_NUMBER_OBJECT_CONVERSION = YES_AGGRESSIVE;
				CLANG_CXX_LANGUAGE_STANDARD = "gnu++14";
				CLANG_CXX_LIBRARY = "libc++";
				CLANG_ENABLE_MODULES = YES;
				CLANG_ENABLE_OBJC_ARC = YES;
				CLANG_ENABLE_OBJC_WEAK = YES;
				CLANG_WARN_BLOCK_CAPTURE_AUTORELEASING = YES;
				CLANG_WARN_BOOL_CONVERSION = YES;
				CLANG_WARN_COMMA = YES;
				CLANG_WARN_CONSTANT_CONVERSION = YES;
				CLANG_WARN_DEPRECATED_OBJC_IMPLEMENTATIONS = YES;
				CLANG_WARN_DIRECT_OBJC_ISA_USAGE = YES_ERROR;
				CLANG_WARN_DOCUMENTATION_COMMENTS = YES;
				CLANG_WARN_EMPTY_BODY = YES;
				CLANG_WARN_ENUM_CONVERSION = YES;
				CLANG_WARN_INFINITE_RECURSION = YES;
				CLANG_WARN_INT_CONVERSION = YES;
				CLANG_WARN_NON_LITERAL_NULL_CONVERSION = YES;
				CLANG_WARN_OBJC_IMPLICIT_RETAIN_SELF = YES;
				CLANG_WARN_OBJC_LITERAL_CONVERSION = YES;
				CLANG_WARN_OBJC_ROOT_CLASS = YES_ERROR;
				CLANG_WARN_RANGE_LOOP_ANALYSIS = YES;
				CLANG_WARN_STRICT_PROTOTYPES = YES;
				CLANG_WARN_SUSPICIOUS_MOVE = YES;
				CLANG_WARN_UNGUARDED_AVAILABILITY = YES_AGGRESSIVE;
				CLANG_WARN_UNREACHABLE_CODE = YES;
				CLANG_WARN__DUPLICATE_METHOD_MATCH = YES;
				CODE_SIGN_IDENTITY = "iPhone Developer";
				COPY_PHASE_STRIP = NO;
				DEBUG_INFORMATION_FORMAT = "dwarf-with-dsym";
				ENABLE_NS_ASSERTIONS = NO;
				ENABLE_STRICT_OBJC_MSGSEND = YES;
				GCC_C_LANGUAGE_STANDARD = gnu11;
				GCC_NO_COMMON_BLOCKS = YES;
				GCC_WARN_64_TO_32_BIT_CONVERSION = YES;
				GCC_WARN_ABOUT_RETURN_TYPE = YES_ERROR;
				GCC_WARN_UNDECLARED_SELECTOR = YES;
				GCC_WARN_UNINITIALIZED_AUTOS = YES_AGGRESSIVE;
				GCC_WARN_UNUSED_FUNCTION = YES;
				GCC_WARN_UNUSED_VARIABLE = YES;
				IPHONEOS_DEPLOYMENT_TARGET = 11.3;
				MTL_ENABLE_DEBUG_INFO = NO;
				SDKROOT = iphoneos;
				SWIFT_COMPILATION_MODE = wholemodule;
				SWIFT_OPTIMIZATION_LEVEL = "-O";
				VALIDATE_PRODUCT = YES;
			};
			name = Release;
		};
		84DBA22320C688EB00973D57 /* Debug */ = {
			isa = XCBuildConfiguration;
			buildSettings = {
				ASSETCATALOG_COMPILER_APPICON_NAME = AppIcon;
				CODE_SIGN_STYLE = Automatic;
				DEVELOPMENT_TEAM = "";
				INFOPLIST_FILE = AnimateObject/Info.plist;
				LD_RUNPATH_SEARCH_PATHS = (
					"$(inherited)",
					"@executable_path/Frameworks",
				);
				PRODUCT_BUNDLE_IDENTIFIER = vineet.weboniselab.AnimateObject;
				PRODUCT_NAME = "$(TARGET_NAME)";
				SWIFT_VERSION = 4.0;
				TARGETED_DEVICE_FAMILY = "1,2";
			};
			name = Debug;
		};
		84DBA22420C688EB00973D57 /* Release */ = {
			isa = XCBuildConfiguration;
			buildSettings = {
				ASSETCATALOG_COMPILER_APPICON_NAME = AppIcon;
				CODE_SIGN_STYLE = Automatic;
				DEVELOPMENT_TEAM = "";
				INFOPLIST_FILE = AnimateObject/Info.plist;
				LD_RUNPATH_SEARCH_PATHS = (
					"$(inherited)",
					"@executable_path/Frameworks",
				);
				PRODUCT_BUNDLE_IDENTIFIER = vineet.weboniselab.AnimateObject;
				PRODUCT_NAME = "$(TARGET_NAME)";
				SWIFT_VERSION = 4.0;
				TARGETED_DEVICE_FAMILY = "1,2";
			};
			name = Release;
		};
		84DBA22620C688EB00973D57 /* Debug */ = {
			isa = XCBuildConfiguration;
			buildSettings = {
				ALWAYS_EMBED_SWIFT_STANDARD_LIBRARIES = YES;
				BUNDLE_LOADER = "$(TEST_HOST)";
				CODE_SIGN_STYLE = Automatic;
				DEVELOPMENT_TEAM = BWEH7ZFV8B;
				INFOPLIST_FILE = AnimateObjectTests/Info.plist;
				LD_RUNPATH_SEARCH_PATHS = (
					"$(inherited)",
					"@executable_path/Frameworks",
					"@loader_path/Frameworks",
				);
				PRODUCT_BUNDLE_IDENTIFIER = vineet.weboniselab.AnimateObjectTests;
				PRODUCT_NAME = "$(TARGET_NAME)";
				SWIFT_VERSION = 4.0;
				TARGETED_DEVICE_FAMILY = "1,2";
				TEST_HOST = "$(BUILT_PRODUCTS_DIR)/AnimateObject.app/AnimateObject";
			};
			name = Debug;
		};
		84DBA22720C688EB00973D57 /* Release */ = {
			isa = XCBuildConfiguration;
			buildSettings = {
				ALWAYS_EMBED_SWIFT_STANDARD_LIBRARIES = YES;
				BUNDLE_LOADER = "$(TEST_HOST)";
				CODE_SIGN_STYLE = Automatic;
				DEVELOPMENT_TEAM = BWEH7ZFV8B;
				INFOPLIST_FILE = AnimateObjectTests/Info.plist;
				LD_RUNPATH_SEARCH_PATHS = (
					"$(inherited)",
					"@executable_path/Frameworks",
					"@loader_path/Frameworks",
				);
				PRODUCT_BUNDLE_IDENTIFIER = vineet.weboniselab.AnimateObjectTests;
				PRODUCT_NAME = "$(TARGET_NAME)";
				SWIFT_VERSION = 4.0;
				TARGETED_DEVICE_FAMILY = "1,2";
				TEST_HOST = "$(BUILT_PRODUCTS_DIR)/AnimateObject.app/AnimateObject";
			};
			name = Release;
		};
		84DBA22920C688EB00973D57 /* Debug */ = {
			isa = XCBuildConfiguration;
			buildSettings = {
				ALWAYS_EMBED_SWIFT_STANDARD_LIBRARIES = YES;
				CODE_SIGN_STYLE = Automatic;
				DEVELOPMENT_TEAM = BWEH7ZFV8B;
				INFOPLIST_FILE = AnimateObjectUITests/Info.plist;
				LD_RUNPATH_SEARCH_PATHS = (
					"$(inherited)",
					"@executable_path/Frameworks",
					"@loader_path/Frameworks",
				);
				PRODUCT_BUNDLE_IDENTIFIER = vineet.weboniselab.AnimateObjectUITests;
				PRODUCT_NAME = "$(TARGET_NAME)";
				SWIFT_VERSION = 4.0;
				TARGETED_DEVICE_FAMILY = "1,2";
				TEST_TARGET_NAME = AnimateObject;
			};
			name = Debug;
		};
		84DBA22A20C688EB00973D57 /* Release */ = {
			isa = XCBuildConfiguration;
			buildSettings = {
				ALWAYS_EMBED_SWIFT_STANDARD_LIBRARIES = YES;
				CODE_SIGN_STYLE = Automatic;
				DEVELOPMENT_TEAM = BWEH7ZFV8B;
				INFOPLIST_FILE = AnimateObjectUITests/Info.plist;
				LD_RUNPATH_SEARCH_PATHS = (
					"$(inherited)",
					"@executable_path/Frameworks",
					"@loader_path/Frameworks",
				);
				PRODUCT_BUNDLE_IDENTIFIER = vineet.weboniselab.AnimateObjectUITests;
				PRODUCT_NAME = "$(TARGET_NAME)";
				SWIFT_VERSION = 4.0;
				TARGETED_DEVICE_FAMILY = "1,2";
				TEST_TARGET_NAME = AnimateObject;
			};
			name = Release;
		};
/* End XCBuildConfiguration section */

/* Begin XCConfigurationList section */
		84DBA1F520C688CA00973D57 /* Build configuration list for PBXProject "AnimateObject" */ = {
			isa = XCConfigurationList;
			buildConfigurations = (
				84DBA22020C688EB00973D57 /* Debug */,
				84DBA22120C688EB00973D57 /* Release */,
			);
			defaultConfigurationIsVisible = 0;
			defaultConfigurationName = Release;
		};
		84DBA22220C688EB00973D57 /* Build configuration list for PBXNativeTarget "AnimateObject" */ = {
			isa = XCConfigurationList;
			buildConfigurations = (
				84DBA22320C688EB00973D57 /* Debug */,
				84DBA22420C688EB00973D57 /* Release */,
			);
			defaultConfigurationIsVisible = 0;
			defaultConfigurationName = Release;
		};
		84DBA22520C688EB00973D57 /* Build configuration list for PBXNativeTarget "AnimateObjectTests" */ = {
			isa = XCConfigurationList;
			buildConfigurations = (
				84DBA22620C688EB00973D57 /* Debug */,
				84DBA22720C688EB00973D57 /* Release */,
			);
			defaultConfigurationIsVisible = 0;
			defaultConfigurationName = Release;
		};
		84DBA22820C688EB00973D57 /* Build configuration list for PBXNativeTarget "AnimateObjectUITests" */ = {
			isa = XCConfigurationList;
			buildConfigurations = (
				84DBA22920C688EB00973D57 /* Debug */,
				84DBA22A20C688EB00973D57 /* Release */,
			);
			defaultConfigurationIsVisible = 0;
			defaultConfigurationName = Release;
		};
/* End XCConfigurationList section */
	};
	rootObject = 84DBA1F220C688CA00973D57 /* Project object */;
}
